{
	"name": "lsp-server",
	"requires": true,
	"lockfileVersion": 1,
	"dependencies": {
		"vscode-jsonrpc": {
			"version": "4.1.0-next.1",
			"resolved": "https://registry.npmjs.org/vscode-jsonrpc/-/vscode-jsonrpc-4.1.0-next.1.tgz",
			"integrity": "sha512-FzNkvHmg3GXpzZAlnGnpdRbQQX6LDRb0bvc+oxxjMUwIJ66kTO/DyeE2bwU0fsiOEGfsJTCzvjESVl368jZ0/g=="
		},
		"vscode-languageserver": {
			"version": "5.3.0-next.5",
			"resolved": "https://registry.npmjs.org/vscode-languageserver/-/vscode-languageserver-5.3.0-next.5.tgz",
			"integrity": "sha512-PWZBhpO9bFr2oLCTHfM/0xkvmRFepYsZyxqht5HjEo4Lt+Pdw9QgCn0/z67rA4rJsJJX01QZ3kNqJaeQSdNz3g==",
			"requires": {
				"vscode-languageserver-protocol": "3.15.0-next.4",
				"vscode-uri": "^1.0.6"
			},
			"dependencies": {
				"vscode-uri": {
					"version": "1.0.8",
					"resolved": "https://registry.npmjs.org/vscode-uri/-/vscode-uri-1.0.8.tgz",
					"integrity": "sha512-obtSWTlbJ+a+TFRYGaUumtVwb+InIUVI0Lu0VBUAPmj2cU5JutEXg3xUE0c2J5Tcy7h2DEKVJBFi+Y9ZSFzzPQ=="
				}
			}
		},
		"vscode-languageserver-protocol": {
			"version": "3.15.0-next.4",
			"resolved": "https://registry.npmjs.org/vscode-languageserver-protocol/-/vscode-languageserver-protocol-3.15.0-next.4.tgz",
			"integrity": "sha512-4AgisQ8GWa3irdRu3/UNr3brcSSm0oobmoV1eSOnV7JM32lYyXDnSKB7RuTTXvaAjD/0xQJLEGhkyGHS5gbywA==",
			"requires": {
				"vscode-jsonrpc": "^4.1.0-next.1",
				"vscode-languageserver-types": "3.15.0-next.1"
			}
		},
		"vscode-languageserver-types": {
			"version": "3.15.0-next.1",
			"resolved": "https://registry.npmjs.org/vscode-languageserver-types/-/vscode-languageserver-types-3.15.0-next.1.tgz",
			"integrity": "sha512-R0kzmaI8gOGEoU7b9huYQAzgZzRQ/5Q8HKjsIUdfz0MjXcBZ4tr1ik1So1p1O5kGrI1VTCd22Fw/wI7ECGoIPw=="
		},
		"vscode-uri": {
			"version": "2.0.2",
			"resolved": "https://registry.npmjs.org/vscode-uri/-/vscode-uri-2.0.2.tgz",
			"integrity": "sha512-VebpIxm9tG0fG2sBOhnsSPzDYuNUPP1UQW4K3mwthlca4e4f3d6HKq3HkITC2OPFomOaB7pHTSjcpdFWjfYTzg=="
		}
	}
}
